
Microsoft Visual Studio Solution File, Format Version 12.00
# Visual Studio Version 16
VisualStudioVersion = 16.0.29926.136
MinimumVisualStudioVersion = 10.0.40219.1
Project("{FAE04EC0-301F-11D3-BF4B-00C04F79EFBC}") = "PR4_2v2_BalaevaEM", "PR4_2v2_BalaevaEM\PR4_2v2_BalaevaEM.csproj", "{B71BDCAD-8B00-458A-B271-EB1AD7C0F117}"
EndProject
Global
	GlobalSection(SolutionConfigurationPlatforms) = preSolution
		Debug|Any CPU = Debug|Any CPU
		Release|Any CPU = Release|Any CPU
	EndGlobalSection
	GlobalSection(ProjectConfigurationPlatforms) = postSolution
		{B71BDCAD-8B00-458A-B271-EB1AD7C0F117}.Debug|Any CPU.ActiveCfg = Debug|Any CPU
		{B71BDCAD-8B00-458A-B271-EB1AD7C0F117}.Debug|Any CPU.Build.0 = Debug|Any CPU
		{B71BDCAD-8B00-458A-B271-EB1AD7C0F117}.Release|Any CPU.ActiveCfg = Release|Any CPU
		{B71BDCAD-8B00-458A-B271-EB1AD7C0F117}.Release|Any CPU.Build.0 = Release|Any CPU
	EndGlobalSection
	GlobalSection(SolutionProperties) = preSolution
		HideSolutionNode = FALSE
	EndGlobalSection
	GlobalSection(ExtensibilityGlobals) = postSolution
		SolutionGuid = {73294ABD-A8EB-44C9-B075-795563F9DACE}
	EndGlobalSection
EndGlobal
